upstreams:
  stale:
    repo_url: https://github.com/icedreamc/STALE
    commit_sha: ea7d391103a151927cd29d2f01d87597a782bdcb
    license: MIT
    local_clone_path: reference/STALE
    entrypoint_command: python Generation/StepALL_IC_gen.py
    patches_applied: []
    smoke_run_status: not_attempted
    raw_output_path: artifacts/upstream_raw/stale/
    normalized_output_path: artifacts/normalized/stale/
    official_score_path: artifacts/reports/stale_score.json
  memora:
    repo_url: https://github.com/geniesinc/Memora
    commit_sha: a454af42b7dffc21c9106d1020530599fd3d6558
    license: Apache-2.0
    local_clone_path: reference/Memora
    entrypoint_command: python evals/model_eval/model_based_evaluator.py
    patches_applied: []
    smoke_run_status: not_attempted
    raw_output_path: artifacts/upstream_raw/memora/
    normalized_output_path: artifacts/normalized/memora/
    official_score_path: artifacts/reports/memora_score.json
  nemori:
    repo_url: https://github.com/nemori-ai/nemori
    commit_sha: d2a6dff6e5481214a0be6a2d10147feccfc16244
    license: MIT
    local_clone_path: reference/nemori
    entrypoint_command: python examples/quickstart.py
    patches_applied: []
    smoke_run_status: not_attempted
    raw_output_path: artifacts/upstream_raw/nemori/
    normalized_output_path: artifacts/normalized/nemori/
    official_score_path: artifacts/reports/nemori_score.json
  graphiti:
    repo_url: https://github.com/getzep/graphiti
    commit_sha: 34f56e65e0fe2096132c8d16f3a1a4ac9300a5f6
    license: Apache-2.0
    local_clone_path: reference/graphiti
    entrypoint_command: python examples/quickstart/quickstart_neo4j.py
    patches_applied: []
    smoke_run_status: not_attempted
    raw_output_path: artifacts/upstream_raw/graphiti/
    normalized_output_path: artifacts/normalized/graphiti/
    official_score_path: artifacts/reports/graphiti_score.json
